
Microsoft Visual Studio Solution File, Format Version 12.00
# Visual Studio 15
VisualStudioVersion = 15.0.27428.2037
MinimumVisualStudioVersion = 10.0.40219.1
Project("{FAE04EC0-301F-11D3-BF4B-00C04F79EFBC}") = "magnovault.Models", "magnovault.Models\magnovault.Models.csproj", "{09A7F9D9-6C14-40A1-9DEF-1D8E1331CC66}"
EndProject
Global
	GlobalSection(SolutionConfigurationPlatforms) = preSolution
		Debug|Any CPU = Debug|Any CPU
		Release|Any CPU = Release|Any CPU
	EndGlobalSection
	GlobalSection(ProjectConfigurationPlatforms) = postSolution
		{09A7F9D9-6C14-40A1-9DEF-1D8E1331CC66}.Debug|Any CPU.ActiveCfg = Debug|Any CPU
		{09A7F9D9-6C14-40A1-9DEF-1D8E1331CC66}.Debug|Any CPU.Build.0 = Debug|Any CPU
		{09A7F9D9-6C14-40A1-9DEF-1D8E1331CC66}.Release|Any CPU.ActiveCfg = Release|Any CPU
		{09A7F9D9-6C14-40A1-9DEF-1D8E1331CC66}.Release|Any CPU.Build.0 = Release|Any CPU
	EndGlobalSection
	GlobalSection(SolutionProperties) = preSolution
		HideSolutionNode = FALSE
	EndGlobalSection
	GlobalSection(ExtensibilityGlobals) = postSolution
		SolutionGuid = {1A757A48-2390-4A69-9D07-2F704377E1B7}
	EndGlobalSection
EndGlobal
